
Microsoft Visual Studio Solution File, Format Version 12.00
# Visual Studio 15
VisualStudioVersion = 15.0.26403.3
MinimumVisualStudioVersion = 10.0.40219.1
Project("{FAE04EC0-301F-11D3-BF4B-00C04F79EFBC}") = "TaskIt_2017.Android", "TaskIt_2017\TaskIt_2017.Android\TaskIt_2017.Android.csproj", "{CC403C02-1C72-49D9-956A-6284BAFAECC1}"
EndProject
Project("{FAE04EC0-301F-11D3-BF4B-00C04F79EFBC}") = "TaskIt_2017", "TaskIt_2017\TaskIt_2017\TaskIt_2017.csproj", "{BE841E8E-920E-46E6-A03B-E36D26AA2407}"
EndProject
Project("{FAE04EC0-301F-11D3-BF4B-00C04F79EFBC}") = "TaskIt_2017.UWP", "TaskIt_2017\TaskIt_2017.UWP\TaskIt_2017.UWP.csproj", "{CE5BC783-FA34-42FE-A0BF-DB28BA523AFC}"
EndProject
Project("{FAE04EC0-301F-11D3-BF4B-00C04F79EFBC}") = "TaskIt_2017.iOS", "TaskIt_2017\TaskIt_2017.iOS\TaskIt_2017.iOS.csproj", "{7A3E55CE-1F08-495F-9495-B73B18989EFD}"
EndProject
Global
	GlobalSection(SolutionConfigurationPlatforms) = preSolution
		Ad-Hoc|Any CPU = Ad-Hoc|Any CPU
		Ad-Hoc|ARM = Ad-Hoc|ARM
		Ad-Hoc|iPhone = Ad-Hoc|iPhone
		Ad-Hoc|iPhoneSimulator = Ad-Hoc|iPhoneSimulator
		Ad-Hoc|x64 = Ad-Hoc|x64
		Ad-Hoc|x86 = Ad-Hoc|x86
		AppStore|Any CPU = AppStore|Any CPU
		AppStore|ARM = AppStore|ARM
		AppStore|iPhone = AppStore|iPhone
		AppStore|iPhoneSimulator = AppStore|iPhoneSimulator
		AppStore|x64 = AppStore|x64
		AppStore|x86 = AppStore|x86
		Debug|Any CPU = Debug|Any CPU
		Debug|ARM = Debug|ARM
		Debug|iPhone = Debug|iPhone
		Debug|iPhoneSimulator = Debug|iPhoneSimulator
		Debug|x64 = Debug|x64
		Debug|x86 = Debug|x86
		Release|Any CPU = Release|Any CPU
		Release|ARM = Release|ARM
		Release|iPhone = Release|iPhone
		Release|iPhoneSimulator = Release|iPhoneSimulator
		Release|x64 = Release|x64
		Release|x86 = Release|x86
	EndGlobalSection
	GlobalSection(ProjectConfigurationPlatforms) = postSolution
		{CC403C02-1C72-49D9-956A-6284BAFAECC1}.Ad-Hoc|Any CPU.ActiveCfg = Release|Any CPU
		{CC403C02-1C72-49D9-956A-6284BAFAECC1}.Ad-Hoc|Any CPU.Build.0 = Release|Any CPU
		{CC403C02-1C72-49D9-956A-6284BAFAECC1}.Ad-Hoc|Any CPU.Deploy.0 = Release|Any CPU
		{CC403C02-1C72-49D9-956A-6284BAFAECC1}.Ad-Hoc|ARM.ActiveCfg = Release|Any CPU
		{CC403C02-1C72-49D9-956A-6284BAFAECC1}.Ad-Hoc|ARM.Build.0 = Release|Any CPU
		{CC403C02-1C72-49D9-956A-6284BAFAECC1}.Ad-Hoc|ARM.Deploy.0 = Release|Any CPU
		{CC403C02-1C72-49D9-956A-6284BAFAECC1}.Ad-Hoc|iPhone.ActiveCfg = Release|Any CPU
		{CC403C02-1C72-49D9-956A-6284BAFAECC1}.Ad-Hoc|iPhone.Build.0 = Release|Any CPU
		{CC403C02-1C72-49D9-956A-6284BAFAECC1}.Ad-Hoc|iPhone.Deploy.0 = Release|Any CPU
		{CC403C02-1C72-49D9-956A-6284BAFAECC1}.Ad-Hoc|iPhoneSimulator.ActiveCfg = Release|Any CPU
		{CC403C02-1C72-49D9-956A-6284BAFAECC1}.Ad-Hoc|iPhoneSimulator.Build.0 = Release|Any CPU
		{CC403C02-1C72-49D9-956A-6284BAFAECC1}.Ad-Hoc|iPhoneSimulator.Deploy.0 = Release|Any CPU
		{CC403C02-1C72-49D9-956A-6284BAFAECC1}.Ad-Hoc|x64.ActiveCfg = Release|Any CPU
		{CC403C02-1C72-49D9-956A-6284BAFAECC1}.Ad-Hoc|x64.Build.0 = Release|Any CPU
		{CC403C02-1C72-49D9-956A-6284BAFAECC1}.Ad-Hoc|x64.Deploy.0 = Release|Any CPU
		{CC403C02-1C72-49D9-956A-6284BAFAECC1}.Ad-Hoc|x86.ActiveCfg = Release|Any CPU
		{CC403C02-1C72-49D9-956A-6284BAFAECC1}.Ad-Hoc|x86.Build.0 = Release|Any CPU
		{CC403C02-1C72-49D9-956A-6284BAFAECC1}.Ad-Hoc|x86.Deploy.0 = Release|Any CPU
		{CC403C02-1C72-49D9-956A-6284BAFAECC1}.AppStore|Any CPU.ActiveCfg = Release|Any CPU
		{CC403C02-1C72-49D9-956A-6284BAFAECC1}.AppStore|Any CPU.Build.0 = Release|Any CPU
		{CC403C02-1C72-49D9-956A-6284BAFAECC1}.AppStore|Any CPU.Deploy.0 = Release|Any CPU
		{CC403C02-1C72-49D9-956A-6284BAFAECC1}.AppStore|ARM.ActiveCfg = Release|Any CPU
		{CC403C02-1C72-49D9-956A-6284BAFAECC1}.AppStore|ARM.Build.0 = Release|Any CPU
		{CC403C02-1C72-49D9-956A-6284BAFAECC1}.AppStore|ARM.Deploy.0 = Release|Any CPU
		{CC403C02-1C72-49D9-956A-6284BAFAECC1}.AppStore|iPhone.ActiveCfg = Release|Any CPU
		{CC403C02-1C72-49D9-956A-6284BAFAECC1}.AppStore|iPhone.Build.0 = Release|Any CPU
		{CC403C02-1C72-49D9-956A-6284BAFAECC1}.AppStore|iPhone.Deploy.0 = Release|Any CPU
		{CC403C02-1C72-49D9-956A-6284BAFAECC1}.AppStore|iPhoneSimulator.ActiveCfg = Release|Any CPU
		{CC403C02-1C72-49D9-956A-6284BAFAECC1}.AppStore|iPhoneSimulator.Build.0 = Release|Any CPU
		{CC403C02-1C72-49D9-956A-6284BAFAECC1}.AppStore|iPhoneSimulator.Deploy.0 = Release|Any CPU
		{CC403C02-1C72-49D9-956A-6284BAFAECC1}.AppStore|x64.ActiveCfg = Release|Any CPU
		{CC403C02-1C72-49D9-956A-6284BAFAECC1}.AppStore|x64.Build.0 = Release|Any CPU
		{CC403C02-1C72-49D9-956A-6284BAFAECC1}.AppStore|x64.Deploy.0 = Release|Any CPU
		{CC403C02-1C72-49D9-956A-6284BAFAECC1}.AppStore|x86.ActiveCfg = Release|Any CPU
		{CC403C02-1C72-49D9-956A-6284BAFAECC1}.AppStore|x86.Build.0 = Release|Any CPU
		{CC403C02-1C72-49D9-956A-6284BAFAECC1}.AppStore|x86.Deploy.0 = Release|Any CPU
		{CC403C02-1C72-49D9-956A-6284BAFAECC1}.Debug|Any CPU.ActiveCfg = Debug|Any CPU
		{CC403C02-1C72-49D9-956A-6284BAFAECC1}.Debug|Any CPU.Build.0 = Debug|Any CPU
		{CC403C02-1C72-49D9-956A-6284BAFAECC1}.Debug|Any CPU.Deploy.0 = Debug|Any CPU
		{CC403C02-1C72-49D9-956A-6284BAFAECC1}.Debug|ARM.ActiveCfg = Debug|Any CPU
		{CC403C02-1C72-49D9-956A-6284BAFAECC1}.Debug|ARM.Build.0 = Debug|Any CPU
		{CC403C02-1C72-49D9-956A-6284BAFAECC1}.Debug|ARM.Deploy.0 = Debug|Any CPU
		{CC403C02-1C72-49D9-956A-6284BAFAECC1}.Debug|iPhone.ActiveCfg = Debug|Any CPU
		{CC403C02-1C72-49D9-956A-6284BAFAECC1}.Debug|iPhone.Build.0 = Debug|Any CPU
		{CC403C02-1C72-49D9-956A-6284BAFAECC1}.Debug|iPhone.Deploy.0 = Debug|Any CPU
		{CC403C02-1C72-49D9-956A-6284BAFAECC1}.Debug|iPhoneSimulator.ActiveCfg = Debug|Any CPU
		{CC403C02-1C72-49D9-956A-6284BAFAECC1}.Debug|iPhoneSimulator.Build.0 = Debug|Any CPU
		{CC403C02-1C72-49D9-956A-6284BAFAECC1}.Debug|iPhoneSimulator.Deploy.0 = Debug|Any CPU
		{CC403C02-1C72-49D9-956A-6284BAFAECC1}.Debug|x64.ActiveCfg = Debug|Any CPU
		{CC403C02-1C72-49D9-956A-6284BAFAECC1}.Debug|x64.Build.0 = Debug|Any CPU
		{CC403C02-1C72-49D9-956A-6284BAFAECC1}.Debug|x64.Deploy.0 = Debug|Any CPU
		{CC403C02-1C72-49D9-956A-6284BAFAECC1}.Debug|x86.ActiveCfg = Debug|Any CPU
		{CC403C02-1C72-49D9-956A-6284BAFAECC1}.Debug|x86.Build.0 = Debug|Any CPU
		{CC403C02-1C72-49D9-956A-6284BAFAECC1}.Debug|x86.Deploy.0 = Debug|Any CPU
		{CC403C02-1C72-49D9-956A-6284BAFAECC1}.Release|Any CPU.ActiveCfg = Release|Any CPU
		{CC403C02-1C72-49D9-956A-6284BAFAECC1}.Release|Any CPU.Build.0 = Release|Any CPU
		{CC403C02-1C72-49D9-956A-6284BAFAECC1}.Release|Any CPU.Deploy.0 = Release|Any CPU
		{CC403C02-1C72-49D9-956A-6284BAFAECC1}.Release|ARM.ActiveCfg = Release|Any CPU
		{CC403C02-1C72-49D9-956A-6284BAFAECC1}.Release|ARM.Build.0 = Release|Any CPU
		{CC403C02-1C72-49D9-956A-6284BAFAECC1}.Release|ARM.Deploy.0 = Release|Any CPU
		{CC403C02-1C72-49D9-956A-6284BAFAECC1}.Release|iPhone.ActiveCfg = Release|Any CPU
		{CC403C02-1C72-49D9-956A-6284BAFAECC1}.Release|iPhone.Build.0 = Release|Any CPU
		{CC403C02-1C72-49D9-956A-6284BAFAECC1}.Release|iPhone.Deploy.0 = Release|Any CPU
		{CC403C02-1C72-49D9-956A-6284BAFAECC1}.Release|iPhoneSimulator.ActiveCfg = Release|Any CPU
		{CC403C02-1C72-49D9-956A-6284BAFAECC1}.Release|iPhoneSimulator.Build.0 = Release|Any CPU
		{CC403C02-1C72-49D9-956A-6284BAFAECC1}.Release|iPhoneSimulator.Deploy.0 = Release|Any CPU
		{CC403C02-1C72-49D9-956A-6284BAFAECC1}.Release|x64.ActiveCfg = Release|Any CPU
		{CC403C02-1C72-49D9-956A-6284BAFAECC1}.Release|x64.Build.0 = Release|Any CPU
		{CC403C02-1C72-49D9-956A-6284BAFAECC1}.Release|x64.Deploy.0 = Release|Any CPU
		{CC403C02-1C72-49D9-956A-6284BAFAECC1}.Release|x86.ActiveCfg = Release|Any CPU
		{CC403C02-1C72-49D9-956A-6284BAFAECC1}.Release|x86.Build.0 = Release|Any CPU
		{CC403C02-1C72-49D9-956A-6284BAFAECC1}.Release|x86.Deploy.0 = Release|Any CPU
		{BE841E8E-920E-46E6-A03B-E36D26AA2407}.Ad-Hoc|Any CPU.ActiveCfg = Release|Any CPU
		{BE841E8E-920E-46E6-A03B-E36D26AA2407}.Ad-Hoc|Any CPU.Build.0 = Release|Any CPU
		{BE841E8E-920E-46E6-A03B-E36D26AA2407}.Ad-Hoc|ARM.ActiveCfg = Release|Any CPU
		{BE841E8E-920E-46E6-A03B-E36D26AA2407}.Ad-Hoc|ARM.Build.0 = Release|Any CPU
		{BE841E8E-920E-46E6-A03B-E36D26AA2407}.Ad-Hoc|iPhone.ActiveCfg = Release|Any CPU
		{BE841E8E-920E-46E6-A03B-E36D26AA2407}.Ad-Hoc|iPhone.Build.0 = Release|Any CPU
		{BE841E8E-920E-46E6-A03B-E36D26AA2407}.Ad-Hoc|iPhoneSimulator.ActiveCfg = Release|Any CPU
		{BE841E8E-920E-46E6-A03B-E36D26AA2407}.Ad-Hoc|iPhoneSimulator.Build.0 = Release|Any CPU
		{BE841E8E-920E-46E6-A03B-E36D26AA2407}.Ad-Hoc|x64.ActiveCfg = Release|Any CPU
		{BE841E8E-920E-46E6-A03B-E36D26AA2407}.Ad-Hoc|x64.Build.0 = Release|Any CPU
		{BE841E8E-920E-46E6-A03B-E36D26AA2407}.Ad-Hoc|x86.ActiveCfg = Release|Any CPU
		{BE841E8E-920E-46E6-A03B-E36D26AA2407}.Ad-Hoc|x86.Build.0 = Release|Any CPU
		{BE841E8E-920E-46E6-A03B-E36D26AA2407}.AppStore|Any CPU.ActiveCfg = Release|Any CPU
		{BE841E8E-920E-46E6-A03B-E36D26AA2407}.AppStore|Any CPU.Build.0 = Release|Any CPU
		{BE841E8E-920E-46E6-A03B-E36D26AA2407}.AppStore|ARM.ActiveCfg = Release|Any CPU
		{BE841E8E-920E-46E6-A03B-E36D26AA2407}.AppStore|ARM.Build.0 = Release|Any CPU
		{BE841E8E-920E-46E6-A03B-E36D26AA2407}.AppStore|iPhone.ActiveCfg = Release|Any CPU
		{BE841E8E-920E-46E6-A03B-E36D26AA2407}.AppStore|iPhone.Build.0 = Release|Any CPU
		{BE841E8E-920E-46E6-A03B-E36D26AA2407}.AppStore|iPhoneSimulator.ActiveCfg = Release|Any CPU
		{BE841E8E-920E-46E6-A03B-E36D26AA2407}.AppStore|iPhoneSimulator.Build.0 = Release|Any CPU
		{BE841E8E-920E-46E6-A03B-E36D26AA2407}.AppStore|x64.ActiveCfg = Release|Any CPU
		{BE841E8E-920E-46E6-A03B-E36D26AA2407}.AppStore|x64.Build.0 = Release|Any CPU
		{BE841E8E-920E-46E6-A03B-E36D26AA2407}.AppStore|x86.ActiveCfg = Release|Any CPU
		{BE841E8E-920E-46E6-A03B-E36D26AA2407}.AppStore|x86.Build.0 = Release|Any CPU
		{BE841E8E-920E-46E6-A03B-E36D26AA2407}.Debug|Any CPU.ActiveCfg = Debug|Any CPU
		{BE841E8E-920E-46E6-A03B-E36D26AA2407}.Debug|Any CPU.Build.0 = Debug|Any CPU
		{BE841E8E-920E-46E6-A03B-E36D26AA2407}.Debug|ARM.ActiveCfg = Debug|Any CPU
		{BE841E8E-920E-46E6-A03B-E36D26AA2407}.Debug|ARM.Build.0 = Debug|Any CPU
		{BE841E8E-920E-46E6-A03B-E36D26AA2407}.Debug|iPhone.ActiveCfg = Debug|Any CPU
		{BE841E8E-920E-46E6-A03B-E36D26AA2407}.Debug|iPhone.Build.0 = Debug|Any CPU
		{BE841E8E-920E-46E6-A03B-E36D26AA2407}.Debug|iPhoneSimulator.ActiveCfg = Debug|Any CPU
		{BE841E8E-920E-46E6-A03B-E36D26AA2407}.Debug|iPhoneSimulator.Build.0 = Debug|Any CPU
		{BE841E8E-920E-46E6-A03B-E36D26AA2407}.Debug|x64.ActiveCfg = Debug|Any CPU
		{BE841E8E-920E-46E6-A03B-E36D26AA2407}.Debug|x64.Build.0 = Debug|Any CPU
		{BE841E8E-920E-46E6-A03B-E36D26AA2407}.Debug|x86.ActiveCfg = Debug|Any CPU
		{BE841E8E-920E-46E6-A03B-E36D26AA2407}.Debug|x86.Build.0 = Debug|Any CPU
		{BE841E8E-920E-46E6-A03B-E36D26AA2407}.Release|Any CPU.ActiveCfg = Release|Any CPU
		{BE841E8E-920E-46E6-A03B-E36D26AA2407}.Release|Any CPU.Build.0 = Release|Any CPU
		{BE841E8E-920E-46E6-A03B-E36D26AA2407}.Release|ARM.ActiveCfg = Release|Any CPU
		{BE841E8E-920E-46E6-A03B-E36D26AA2407}.Release|ARM.Build.0 = Release|Any CPU
		{BE841E8E-920E-46E6-A03B-E36D26AA2407}.Release|iPhone.ActiveCfg = Release|Any CPU
		{BE841E8E-920E-46E6-A03B-E36D26AA2407}.Release|iPhone.Build.0 = Release|Any CPU
		{BE841E8E-920E-46E6-A03B-E36D26AA2407}.Release|iPhoneSimulator.ActiveCfg = Release|Any CPU
		{BE841E8E-920E-46E6-A03B-E36D26AA2407}.Release|iPhoneSimulator.Build.0 = Release|Any CPU
		{BE841E8E-920E-46E6-A03B-E36D26AA2407}.Release|x64.ActiveCfg = Release|Any CPU
		{BE841E8E-920E-46E6-A03B-E36D26AA2407}.Release|x64.Build.0 = Release|Any CPU
		{BE841E8E-920E-46E6-A03B-E36D26AA2407}.Release|x86.ActiveCfg = Release|Any CPU
		{BE841E8E-920E-46E6-A03B-E36D26AA2407}.Release|x86.Build.0 = Release|Any CPU
		{CE5BC783-FA34-42FE-A0BF-DB28BA523AFC}.Ad-Hoc|Any CPU.ActiveCfg = Release|x86
		{CE5BC783-FA34-42FE-A0BF-DB28BA523AFC}.Ad-Hoc|Any CPU.Build.0 = Release|x86
		{CE5BC783-FA34-42FE-A0BF-DB28BA523AFC}.Ad-Hoc|Any CPU.Deploy.0 = Release|x86
		{CE5BC783-FA34-42FE-A0BF-DB28BA523AFC}.Ad-Hoc|ARM.ActiveCfg = Release|ARM
		{CE5BC783-FA34-42FE-A0BF-DB28BA523AFC}.Ad-Hoc|ARM.Build.0 = Release|ARM
		{CE5BC783-FA34-42FE-A0BF-DB28BA523AFC}.Ad-Hoc|ARM.Deploy.0 = Release|ARM
		{CE5BC783-FA34-42FE-A0BF-DB28BA523AFC}.Ad-Hoc|iPhone.ActiveCfg = Release|x86
		{CE5BC783-FA34-42FE-A0BF-DB28BA523AFC}.Ad-Hoc|iPhone.Build.0 = Release|x86
		{CE5BC783-FA34-42FE-A0BF-DB28BA523AFC}.Ad-Hoc|iPhone.Deploy.0 = Release|x86
		{CE5BC783-FA34-42FE-A0BF-DB28BA523AFC}.Ad-Hoc|iPhoneSimulator.ActiveCfg = Release|x86
		{CE5BC783-FA34-42FE-A0BF-DB28BA523AFC}.Ad-Hoc|iPhoneSimulator.Build.0 = Release|x86
		{CE5BC783-FA34-42FE-A0BF-DB28BA523AFC}.Ad-Hoc|iPhoneSimulator.Deploy.0 = Release|x86
		{CE5BC783-FA34-42FE-A0BF-DB28BA523AFC}.Ad-Hoc|x64.ActiveCfg = Release|x64
		{CE5BC783-FA34-42FE-A0BF-DB28BA523AFC}.Ad-Hoc|x64.Build.0 = Release|x64
		{CE5BC783-FA34-42FE-A0BF-DB28BA523AFC}.Ad-Hoc|x64.Deploy.0 = Release|x64
		{CE5BC783-FA34-42FE-A0BF-DB28BA523AFC}.Ad-Hoc|x86.ActiveCfg = Release|x86
		{CE5BC783-FA34-42FE-A0BF-DB28BA523AFC}.Ad-Hoc|x86.Build.0 = Release|x86
		{CE5BC783-FA34-42FE-A0BF-DB28BA523AFC}.Ad-Hoc|x86.Deploy.0 = Release|x86
		{CE5BC783-FA34-42FE-A0BF-DB28BA523AFC}.AppStore|Any CPU.ActiveCfg = Release|x86
		{CE5BC783-FA34-42FE-A0BF-DB28BA523AFC}.AppStore|Any CPU.Build.0 = Release|x86
		{CE5BC783-FA34-42FE-A0BF-DB28BA523AFC}.AppStore|Any CPU.Deploy.0 = Release|x86
		{CE5BC783-FA34-42FE-A0BF-DB28BA523AFC}.AppStore|ARM.ActiveCfg = Release|ARM
		{CE5BC783-FA34-42FE-A0BF-DB28BA523AFC}.AppStore|ARM.Build.0 = Release|ARM
		{CE5BC783-FA34-42FE-A0BF-DB28BA523AFC}.AppStore|ARM.Deploy.0 = Release|ARM
		{CE5BC783-FA34-42FE-A0BF-DB28BA523AFC}.AppStore|iPhone.ActiveCfg = Release|x86
		{CE5BC783-FA34-42FE-A0BF-DB28BA523AFC}.AppStore|iPhone.Build.0 = Release|x86
		{CE5BC783-FA34-42FE-A0BF-DB28BA523AFC}.AppStore|iPhone.Deploy.0 = Release|x86
		{CE5BC783-FA34-42FE-A0BF-DB28BA523AFC}.AppStore|iPhoneSimulator.ActiveCfg = Release|x86
		{CE5BC783-FA34-42FE-A0BF-DB28BA523AFC}.AppStore|iPhoneSimulator.Build.0 = Release|x86
		{CE5BC783-FA34-42FE-A0BF-DB28BA523AFC}.AppStore|iPhoneSimulator.Deploy.0 = Release|x86
		{CE5BC783-FA34-42FE-A0BF-DB28BA523AFC}.AppStore|x64.ActiveCfg = Release|x64
		{CE5BC783-FA34-42FE-A0BF-DB28BA523AFC}.AppStore|x64.Build.0 = Release|x64
		{CE5BC783-FA34-42FE-A0BF-DB28BA523AFC}.AppStore|x64.Deploy.0 = Release|x64
		{CE5BC783-FA34-42FE-A0BF-DB28BA523AFC}.AppStore|x86.ActiveCfg = Release|x86
		{CE5BC783-FA34-42FE-A0BF-DB28BA523AFC}.AppStore|x86.Build.0 = Release|x86
		{CE5BC783-FA34-42FE-A0BF-DB28BA523AFC}.AppStore|x86.Deploy.0 = Release|x86
		{CE5BC783-FA34-42FE-A0BF-DB28BA523AFC}.Debug|Any CPU.ActiveCfg = Debug|x86
		{CE5BC783-FA34-42FE-A0BF-DB28BA523AFC}.Debug|Any CPU.Build.0 = Debug|x86
		{CE5BC783-FA34-42FE-A0BF-DB28BA523AFC}.Debug|Any CPU.Deploy.0 = Debug|x86
		{CE5BC783-FA34-42FE-A0BF-DB28BA523AFC}.Debug|ARM.ActiveCfg = Debug|ARM
		{CE5BC783-FA34-42FE-A0BF-DB28BA523AFC}.Debug|ARM.Build.0 = Debug|ARM
		{CE5BC783-FA34-42FE-A0BF-DB28BA523AFC}.Debug|ARM.Deploy.0 = Debug|ARM
		{CE5BC783-FA34-42FE-A0BF-DB28BA523AFC}.Debug|iPhone.ActiveCfg = Debug|x86
		{CE5BC783-FA34-42FE-A0BF-DB28BA523AFC}.Debug|iPhoneSimulator.ActiveCfg = Debug|x86
		{CE5BC783-FA34-42FE-A0BF-DB28BA523AFC}.Debug|x64.ActiveCfg = Debug|x64
		{CE5BC783-FA34-42FE-A0BF-DB28BA523AFC}.Debug|x64.Build.0 = Debug|x64
		{CE5BC783-FA34-42FE-A0BF-DB28BA523AFC}.Debug|x64.Deploy.0 = Debug|x64
		{CE5BC783-FA34-42FE-A0BF-DB28BA523AFC}.Debug|x86.ActiveCfg = Debug|x86
		{CE5BC783-FA34-42FE-A0BF-DB28BA523AFC}.Debug|x86.Build.0 = Debug|x86
		{CE5BC783-FA34-42FE-A0BF-DB28BA523AFC}.Debug|x86.Deploy.0 = Debug|x86
		{CE5BC783-FA34-42FE-A0BF-DB28BA523AFC}.Release|Any CPU.ActiveCfg = Release|x86
		{CE5BC783-FA34-42FE-A0BF-DB28BA523AFC}.Release|ARM.ActiveCfg = Release|ARM
		{CE5BC783-FA34-42FE-A0BF-DB28BA523AFC}.Release|ARM.Build.0 = Release|ARM
		{CE5BC783-FA34-42FE-A0BF-DB28BA523AFC}.Release|ARM.Deploy.0 = Release|ARM
		{CE5BC783-FA34-42FE-A0BF-DB28BA523AFC}.Release|iPhone.ActiveCfg = Release|x86
		{CE5BC783-FA34-42FE-A0BF-DB28BA523AFC}.Release|iPhoneSimulator.ActiveCfg = Release|x86
		{CE5BC783-FA34-42FE-A0BF-DB28BA523AFC}.Release|x64.ActiveCfg = Release|x64
		{CE5BC783-FA34-42FE-A0BF-DB28BA523AFC}.Release|x64.Build.0 = Release|x64
		{CE5BC783-FA34-42FE-A0BF-DB28BA523AFC}.Release|x64.Deploy.0 = Release|x64
		{CE5BC783-FA34-42FE-A0BF-DB28BA523AFC}.Release|x86.ActiveCfg = Release|x86
		{CE5BC783-FA34-42FE-A0BF-DB28BA523AFC}.Release|x86.Build.0 = Release|x86
		{CE5BC783-FA34-42FE-A0BF-DB28BA523AFC}.Release|x86.Deploy.0 = Release|x86
		{7A3E55CE-1F08-495F-9495-B73B18989EFD}.Ad-Hoc|Any CPU.ActiveCfg = Ad-Hoc|iPhone
		{7A3E55CE-1F08-495F-9495-B73B18989EFD}.Ad-Hoc|ARM.ActiveCfg = Ad-Hoc|iPhone
		{7A3E55CE-1F08-495F-9495-B73B18989EFD}.Ad-Hoc|iPhone.ActiveCfg = Ad-Hoc|iPhone
		{7A3E55CE-1F08-495F-9495-B73B18989EFD}.Ad-Hoc|iPhone.Build.0 = Ad-Hoc|iPhone
		{7A3E55CE-1F08-495F-9495-B73B18989EFD}.Ad-Hoc|iPhoneSimulator.ActiveCfg = Ad-Hoc|iPhoneSimulator
		{7A3E55CE-1F08-495F-9495-B73B18989EFD}.Ad-Hoc|iPhoneSimulator.Build.0 = Ad-Hoc|iPhoneSimulator
		{7A3E55CE-1F08-495F-9495-B73B18989EFD}.Ad-Hoc|x64.ActiveCfg = Ad-Hoc|iPhone
		{7A3E55CE-1F08-495F-9495-B73B18989EFD}.Ad-Hoc|x86.ActiveCfg = Ad-Hoc|iPhone
		{7A3E55CE-1F08-495F-9495-B73B18989EFD}.AppStore|Any CPU.ActiveCfg = AppStore|iPhone
		{7A3E55CE-1F08-495F-9495-B73B18989EFD}.AppStore|ARM.ActiveCfg = AppStore|iPhone
		{7A3E55CE-1F08-495F-9495-B73B18989EFD}.AppStore|iPhone.ActiveCfg = AppStore|iPhone
		{7A3E55CE-1F08-495F-9495-B73B18989EFD}.AppStore|iPhone.Build.0 = AppStore|iPhone
		{7A3E55CE-1F08-495F-9495-B73B18989EFD}.AppStore|iPhoneSimulator.ActiveCfg = AppStore|iPhoneSimulator
		{7A3E55CE-1F08-495F-9495-B73B18989EFD}.AppStore|iPhoneSimulator.Build.0 = AppStore|iPhoneSimulator
		{7A3E55CE-1F08-495F-9495-B73B18989EFD}.AppStore|x64.ActiveCfg = AppStore|iPhone
		{7A3E55CE-1F08-495F-9495-B73B18989EFD}.AppStore|x86.ActiveCfg = AppStore|iPhone
		{7A3E55CE-1F08-495F-9495-B73B18989EFD}.Debug|Any CPU.ActiveCfg = Debug|iPhone
		{7A3E55CE-1F08-495F-9495-B73B18989EFD}.Debug|ARM.ActiveCfg = Debug|iPhone
		{7A3E55CE-1F08-495F-9495-B73B18989EFD}.Debug|iPhone.ActiveCfg = Debug|iPhone
		{7A3E55CE-1F08-495F-9495-B73B18989EFD}.Debug|iPhone.Build.0 = Debug|iPhone
		{7A3E55CE-1F08-495F-9495-B73B18989EFD}.Debug|iPhoneSimulator.ActiveCfg = Debug|iPhoneSimulator
		{7A3E55CE-1F08-495F-9495-B73B18989EFD}.Debug|iPhoneSimulator.Build.0 = Debug|iPhoneSimulator
		{7A3E55CE-1F08-495F-9495-B73B18989EFD}.Debug|x64.ActiveCfg = Debug|iPhone
		{7A3E55CE-1F08-495F-9495-B73B18989EFD}.Debug|x86.ActiveCfg = Debug|iPhone
		{7A3E55CE-1F08-495F-9495-B73B18989EFD}.Release|Any CPU.ActiveCfg = Release|iPhone
		{7A3E55CE-1F08-495F-9495-B73B18989EFD}.Release|ARM.ActiveCfg = Release|iPhone
		{7A3E55CE-1F08-495F-9495-B73B18989EFD}.Release|iPhone.ActiveCfg = Release|iPhone
		{7A3E55CE-1F08-495F-9495-B73B18989EFD}.Release|iPhone.Build.0 = Release|iPhone
		{7A3E55CE-1F08-495F-9495-B73B18989EFD}.Release|iPhoneSimulator.ActiveCfg = Release|iPhoneSimulator
		{7A3E55CE-1F08-495F-9495-B73B18989EFD}.Release|iPhoneSimulator.Build.0 = Release|iPhoneSimulator
		{7A3E55CE-1F08-495F-9495-B73B18989EFD}.Release|x64.ActiveCfg = Release|iPhone
		{7A3E55CE-1F08-495F-9495-B73B18989EFD}.Release|x86.ActiveCfg = Release|iPhone
	EndGlobalSection
	GlobalSection(SolutionProperties) = preSolution
		HideSolutionNode = FALSE
	EndGlobalSection
EndGlobal
